
Microsoft Visual Studio Solution File, Format Version 12.00
# Visual Studio Version 17
VisualStudioVersion = 17.2.32616.157
MinimumVisualStudioVersion = 10.0.40219.1
Project("{9A19103F-16F7-4668-BE54-9A1E7A4F7556}") = "LaikableDogsAPI", "LaikalableDogsAPI\LaikableDogsAPI.csproj", "{9857A854-5A17-4D22-8E2B-40F3AADEC775}"
EndProject
Project("{FAE04EC0-301F-11D3-BF4B-00C04F79EFBC}") = "ClientAPI", "ClientAPI\ClientAPI.csproj", "{B031644E-B1AF-466D-9F4C-ED00532D8C12}"
EndProject
Global
	GlobalSection(SolutionConfigurationPlatforms) = preSolution
		Debug|Any CPU = Debug|Any CPU
		Release|Any CPU = Release|Any CPU
	EndGlobalSection
	GlobalSection(ProjectConfigurationPlatforms) = postSolution
		{9857A854-5A17-4D22-8E2B-40F3AADEC775}.Debug|Any CPU.ActiveCfg = Debug|Any CPU
		{9857A854-5A17-4D22-8E2B-40F3AADEC775}.Debug|Any CPU.Build.0 = Debug|Any CPU
		{9857A854-5A17-4D22-8E2B-40F3AADEC775}.Release|Any CPU.ActiveCfg = Release|Any CPU
		{9857A854-5A17-4D22-8E2B-40F3AADEC775}.Release|Any CPU.Build.0 = Release|Any CPU
		{B031644E-B1AF-466D-9F4C-ED00532D8C12}.Debug|Any CPU.ActiveCfg = Debug|Any CPU
		{B031644E-B1AF-466D-9F4C-ED00532D8C12}.Debug|Any CPU.Build.0 = Debug|Any CPU
		{B031644E-B1AF-466D-9F4C-ED00532D8C12}.Release|Any CPU.ActiveCfg = Release|Any CPU
		{B031644E-B1AF-466D-9F4C-ED00532D8C12}.Release|Any CPU.Build.0 = Release|Any CPU
	EndGlobalSection
	GlobalSection(SolutionProperties) = preSolution
		HideSolutionNode = FALSE
	EndGlobalSection
	GlobalSection(ExtensibilityGlobals) = postSolution
		SolutionGuid = {3A923F7E-8E29-46FB-848B-B88C196B6BD5}
	EndGlobalSection
EndGlobal
