
Microsoft Visual Studio Solution File, Format Version 12.00
# Visual Studio Version 17
VisualStudioVersion = 17.2.32616.157
MinimumVisualStudioVersion = 10.0.40219.1
Project("{2150E333-8FDC-42A3-9474-1A3956D46DE8}") = "tests", "tests", "{4F64432D-5F8F-47E8-B2A7-2FF741BDB6C0}"
EndProject
Project("{2150E333-8FDC-42A3-9474-1A3956D46DE8}") = "Solution Items", "Solution Items", "{A752AE1C-B32F-416C-BBC5-A0A16AD39156}"
	ProjectSection(SolutionItems) = preProject
		azure-pipelines.yml = azure-pipelines.yml
		GTPCalculator.html = GTPCalculator.html
		MacroCalculator.html = MacroCalculator.html
	EndProjectSection
EndProject
Project("{2150E333-8FDC-42A3-9474-1A3956D46DE8}") = "src", "src", "{9AD4F08C-5F5A-4E99-93CB-EF215A6A8940}"
EndProject
Project("{9A19103F-16F7-4668-BE54-9A1E7A4F7556}") = "ToDo.Minimal.Api", "src\ToDo.Minimal.Api\ToDo.Minimal.Api.csproj", "{5FE2E4E8-86C9-42BA-AE25-DB3163F4E147}"
EndProject
Project("{2150E333-8FDC-42A3-9474-1A3956D46DE8}") = "ToDo", "ToDo", "{D4183739-FFA5-41CA-94A0-06BF3C50A234}"
EndProject
Project("{54A90642-561A-4BB1-A94E-469ADEE60C69}") = "todo.client.vue", "src\ToDo.Client.Vue\todo.client.vue.esproj", "{F3741E1A-C027-4F02-8F07-88AFCA391173}"
EndProject
Project("{54A90642-561A-4BB1-A94E-469ADEE60C69}") = "todo.client.react", "src\ToDo.Client.React\todo.client.react.esproj", "{E1A811BF-6EAA-4FB3-867F-3D73888BF365}"
EndProject
Project("{9A19103F-16F7-4668-BE54-9A1E7A4F7556}") = "BlazorServerTest", "src\BlazorServerTest\BlazorServerTest.csproj", "{D9A67964-2CBB-4769-A34A-D179F4C2D412}"
EndProject
Project("{9A19103F-16F7-4668-BE54-9A1E7A4F7556}") = "BlazorServerTest.Core", "src\BlazorServerTest.Core\BlazorServerTest.Core.csproj", "{B53B207B-3234-4C9A-8C3E-AA4AFBA4A28C}"
EndProject
Project("{9A19103F-16F7-4668-BE54-9A1E7A4F7556}") = "ClientAPI", "src\ClientAPI\ClientAPI.csproj", "{A5117ABA-0B32-4909-B269-622B8F71181E}"
EndProject
Project("{9A19103F-16F7-4668-BE54-9A1E7A4F7556}") = "CloudinaryWebApi", "src\CloudinaryWebApi\CloudinaryWebApi.csproj", "{6127907E-936F-4F6D-8AAD-D4E60FE8F90C}"
EndProject
Project("{9A19103F-16F7-4668-BE54-9A1E7A4F7556}") = "InMemoryCachingLibrary", "src\InMemoryCachingLibrary\InMemoryCachingLibrary.csproj", "{F3D71F73-7749-4EB9-A8FF-66FDB33B4972}"
EndProject
Project("{9A19103F-16F7-4668-BE54-9A1E7A4F7556}") = "LaikableDogsAPI", "src\LaikalableDogsAPI\LaikableDogsAPI.csproj", "{67029BEE-61A0-4328-B432-AB92359261FB}"
EndProject
Project("{9A19103F-16F7-4668-BE54-9A1E7A4F7556}") = "TestConsoleApp", "src\TestConsoleApp\TestConsoleApp.csproj", "{75CF6810-5F84-4BDE-A8E6-0DB420D971C8}"
EndProject
Project("{9A19103F-16F7-4668-BE54-9A1E7A4F7556}") = "BlazorTestAppTests", "tests\BlazorTestAppTests\BlazorTestAppTests.csproj", "{06C6F0AB-78EE-4649-8EA2-E1E980B70F5A}"
EndProject
Project("{9A19103F-16F7-4668-BE54-9A1E7A4F7556}") = "InMemoryLibraryTests", "tests\InMemoryLibraryTests\InMemoryLibraryTests.csproj", "{BADF8A60-A7F9-4EDC-9088-8623BA94B07F}"
EndProject
Project("{2150E333-8FDC-42A3-9474-1A3956D46DE8}") = "MicroRabbitNet", "MicroRabbitNet", "{1A1D3539-21A8-4064-BEEF-3EAC355309A9}"
EndProject
Project("{FAE04EC0-301F-11D3-BF4B-00C04F79EFBC}") = "MicroRabbitNet.Master", "src\MicroRabbitNet\MicroRabbitNet.Master\MicroRabbitNet.Master.csproj", "{A9272AFC-CA84-4264-8242-A3B7E62A1352}"
EndProject
Project("{FAE04EC0-301F-11D3-BF4B-00C04F79EFBC}") = "MicroRabbitNet.Slave", "src\MicroRabbitNet\MicroRabbitNet.Slave\MicroRabbitNet.Slave.csproj", "{876EAE7F-C665-4077-9E28-6AE191F77780}"
EndProject
Global
	GlobalSection(SolutionConfigurationPlatforms) = preSolution
		Debug|Any CPU = Debug|Any CPU
		Release|Any CPU = Release|Any CPU
	EndGlobalSection
	GlobalSection(ProjectConfigurationPlatforms) = postSolution
		{5FE2E4E8-86C9-42BA-AE25-DB3163F4E147}.Debug|Any CPU.ActiveCfg = Debug|Any CPU
		{5FE2E4E8-86C9-42BA-AE25-DB3163F4E147}.Debug|Any CPU.Build.0 = Debug|Any CPU
		{5FE2E4E8-86C9-42BA-AE25-DB3163F4E147}.Release|Any CPU.ActiveCfg = Release|Any CPU
		{5FE2E4E8-86C9-42BA-AE25-DB3163F4E147}.Release|Any CPU.Build.0 = Release|Any CPU
		{F3741E1A-C027-4F02-8F07-88AFCA391173}.Debug|Any CPU.ActiveCfg = Debug|Any CPU
		{F3741E1A-C027-4F02-8F07-88AFCA391173}.Debug|Any CPU.Build.0 = Debug|Any CPU
		{F3741E1A-C027-4F02-8F07-88AFCA391173}.Debug|Any CPU.Deploy.0 = Debug|Any CPU
		{F3741E1A-C027-4F02-8F07-88AFCA391173}.Release|Any CPU.ActiveCfg = Release|Any CPU
		{F3741E1A-C027-4F02-8F07-88AFCA391173}.Release|Any CPU.Build.0 = Release|Any CPU
		{F3741E1A-C027-4F02-8F07-88AFCA391173}.Release|Any CPU.Deploy.0 = Release|Any CPU
		{E1A811BF-6EAA-4FB3-867F-3D73888BF365}.Debug|Any CPU.ActiveCfg = Debug|Any CPU
		{E1A811BF-6EAA-4FB3-867F-3D73888BF365}.Debug|Any CPU.Build.0 = Debug|Any CPU
		{E1A811BF-6EAA-4FB3-867F-3D73888BF365}.Debug|Any CPU.Deploy.0 = Debug|Any CPU
		{E1A811BF-6EAA-4FB3-867F-3D73888BF365}.Release|Any CPU.ActiveCfg = Release|Any CPU
		{E1A811BF-6EAA-4FB3-867F-3D73888BF365}.Release|Any CPU.Build.0 = Release|Any CPU
		{E1A811BF-6EAA-4FB3-867F-3D73888BF365}.Release|Any CPU.Deploy.0 = Release|Any CPU
		{D9A67964-2CBB-4769-A34A-D179F4C2D412}.Debug|Any CPU.ActiveCfg = Debug|Any CPU
		{D9A67964-2CBB-4769-A34A-D179F4C2D412}.Debug|Any CPU.Build.0 = Debug|Any CPU
		{D9A67964-2CBB-4769-A34A-D179F4C2D412}.Release|Any CPU.ActiveCfg = Release|Any CPU
		{D9A67964-2CBB-4769-A34A-D179F4C2D412}.Release|Any CPU.Build.0 = Release|Any CPU
		{B53B207B-3234-4C9A-8C3E-AA4AFBA4A28C}.Debug|Any CPU.ActiveCfg = Debug|Any CPU
		{B53B207B-3234-4C9A-8C3E-AA4AFBA4A28C}.Debug|Any CPU.Build.0 = Debug|Any CPU
		{B53B207B-3234-4C9A-8C3E-AA4AFBA4A28C}.Release|Any CPU.ActiveCfg = Release|Any CPU
		{B53B207B-3234-4C9A-8C3E-AA4AFBA4A28C}.Release|Any CPU.Build.0 = Release|Any CPU
		{A5117ABA-0B32-4909-B269-622B8F71181E}.Debug|Any CPU.ActiveCfg = Debug|Any CPU
		{A5117ABA-0B32-4909-B269-622B8F71181E}.Debug|Any CPU.Build.0 = Debug|Any CPU
		{A5117ABA-0B32-4909-B269-622B8F71181E}.Release|Any CPU.ActiveCfg = Release|Any CPU
		{A5117ABA-0B32-4909-B269-622B8F71181E}.Release|Any CPU.Build.0 = Release|Any CPU
		{6127907E-936F-4F6D-8AAD-D4E60FE8F90C}.Debug|Any CPU.ActiveCfg = Debug|Any CPU
		{6127907E-936F-4F6D-8AAD-D4E60FE8F90C}.Debug|Any CPU.Build.0 = Debug|Any CPU
		{6127907E-936F-4F6D-8AAD-D4E60FE8F90C}.Release|Any CPU.ActiveCfg = Release|Any CPU
		{6127907E-936F-4F6D-8AAD-D4E60FE8F90C}.Release|Any CPU.Build.0 = Release|Any CPU
		{F3D71F73-7749-4EB9-A8FF-66FDB33B4972}.Debug|Any CPU.ActiveCfg = Debug|Any CPU
		{F3D71F73-7749-4EB9-A8FF-66FDB33B4972}.Debug|Any CPU.Build.0 = Debug|Any CPU
		{F3D71F73-7749-4EB9-A8FF-66FDB33B4972}.Release|Any CPU.ActiveCfg = Release|Any CPU
		{F3D71F73-7749-4EB9-A8FF-66FDB33B4972}.Release|Any CPU.Build.0 = Release|Any CPU
		{67029BEE-61A0-4328-B432-AB92359261FB}.Debug|Any CPU.ActiveCfg = Debug|Any CPU
		{67029BEE-61A0-4328-B432-AB92359261FB}.Debug|Any CPU.Build.0 = Debug|Any CPU
		{67029BEE-61A0-4328-B432-AB92359261FB}.Release|Any CPU.ActiveCfg = Release|Any CPU
		{67029BEE-61A0-4328-B432-AB92359261FB}.Release|Any CPU.Build.0 = Release|Any CPU
		{75CF6810-5F84-4BDE-A8E6-0DB420D971C8}.Debug|Any CPU.ActiveCfg = Debug|Any CPU
		{75CF6810-5F84-4BDE-A8E6-0DB420D971C8}.Debug|Any CPU.Build.0 = Debug|Any CPU
		{75CF6810-5F84-4BDE-A8E6-0DB420D971C8}.Release|Any CPU.ActiveCfg = Release|Any CPU
		{75CF6810-5F84-4BDE-A8E6-0DB420D971C8}.Release|Any CPU.Build.0 = Release|Any CPU
		{06C6F0AB-78EE-4649-8EA2-E1E980B70F5A}.Debug|Any CPU.ActiveCfg = Debug|Any CPU
		{06C6F0AB-78EE-4649-8EA2-E1E980B70F5A}.Debug|Any CPU.Build.0 = Debug|Any CPU
		{06C6F0AB-78EE-4649-8EA2-E1E980B70F5A}.Release|Any CPU.ActiveCfg = Release|Any CPU
		{06C6F0AB-78EE-4649-8EA2-E1E980B70F5A}.Release|Any CPU.Build.0 = Release|Any CPU
		{BADF8A60-A7F9-4EDC-9088-8623BA94B07F}.Debug|Any CPU.ActiveCfg = Debug|Any CPU
		{BADF8A60-A7F9-4EDC-9088-8623BA94B07F}.Debug|Any CPU.Build.0 = Debug|Any CPU
		{BADF8A60-A7F9-4EDC-9088-8623BA94B07F}.Release|Any CPU.ActiveCfg = Release|Any CPU
		{BADF8A60-A7F9-4EDC-9088-8623BA94B07F}.Release|Any CPU.Build.0 = Release|Any CPU
		{A9272AFC-CA84-4264-8242-A3B7E62A1352}.Debug|Any CPU.ActiveCfg = Debug|Any CPU
		{A9272AFC-CA84-4264-8242-A3B7E62A1352}.Debug|Any CPU.Build.0 = Debug|Any CPU
		{A9272AFC-CA84-4264-8242-A3B7E62A1352}.Release|Any CPU.ActiveCfg = Release|Any CPU
		{A9272AFC-CA84-4264-8242-A3B7E62A1352}.Release|Any CPU.Build.0 = Release|Any CPU
		{876EAE7F-C665-4077-9E28-6AE191F77780}.Debug|Any CPU.ActiveCfg = Debug|Any CPU
		{876EAE7F-C665-4077-9E28-6AE191F77780}.Debug|Any CPU.Build.0 = Debug|Any CPU
		{876EAE7F-C665-4077-9E28-6AE191F77780}.Release|Any CPU.ActiveCfg = Release|Any CPU
		{876EAE7F-C665-4077-9E28-6AE191F77780}.Release|Any CPU.Build.0 = Release|Any CPU
	EndGlobalSection
	GlobalSection(SolutionProperties) = preSolution
		HideSolutionNode = FALSE
	EndGlobalSection
	GlobalSection(NestedProjects) = preSolution
		{5FE2E4E8-86C9-42BA-AE25-DB3163F4E147} = {D4183739-FFA5-41CA-94A0-06BF3C50A234}
		{D4183739-FFA5-41CA-94A0-06BF3C50A234} = {9AD4F08C-5F5A-4E99-93CB-EF215A6A8940}
		{F3741E1A-C027-4F02-8F07-88AFCA391173} = {D4183739-FFA5-41CA-94A0-06BF3C50A234}
		{E1A811BF-6EAA-4FB3-867F-3D73888BF365} = {D4183739-FFA5-41CA-94A0-06BF3C50A234}
		{D9A67964-2CBB-4769-A34A-D179F4C2D412} = {9AD4F08C-5F5A-4E99-93CB-EF215A6A8940}
		{B53B207B-3234-4C9A-8C3E-AA4AFBA4A28C} = {9AD4F08C-5F5A-4E99-93CB-EF215A6A8940}
		{A5117ABA-0B32-4909-B269-622B8F71181E} = {9AD4F08C-5F5A-4E99-93CB-EF215A6A8940}
		{6127907E-936F-4F6D-8AAD-D4E60FE8F90C} = {9AD4F08C-5F5A-4E99-93CB-EF215A6A8940}
		{F3D71F73-7749-4EB9-A8FF-66FDB33B4972} = {9AD4F08C-5F5A-4E99-93CB-EF215A6A8940}
		{67029BEE-61A0-4328-B432-AB92359261FB} = {9AD4F08C-5F5A-4E99-93CB-EF215A6A8940}
		{75CF6810-5F84-4BDE-A8E6-0DB420D971C8} = {9AD4F08C-5F5A-4E99-93CB-EF215A6A8940}
		{06C6F0AB-78EE-4649-8EA2-E1E980B70F5A} = {4F64432D-5F8F-47E8-B2A7-2FF741BDB6C0}
		{BADF8A60-A7F9-4EDC-9088-8623BA94B07F} = {4F64432D-5F8F-47E8-B2A7-2FF741BDB6C0}
		{1A1D3539-21A8-4064-BEEF-3EAC355309A9} = {9AD4F08C-5F5A-4E99-93CB-EF215A6A8940}
		{A9272AFC-CA84-4264-8242-A3B7E62A1352} = {1A1D3539-21A8-4064-BEEF-3EAC355309A9}
		{876EAE7F-C665-4077-9E28-6AE191F77780} = {1A1D3539-21A8-4064-BEEF-3EAC355309A9}
	EndGlobalSection
	GlobalSection(ExtensibilityGlobals) = postSolution
		SolutionGuid = {3A923F7E-8E29-46FB-848B-B88C196B6BD5}
	EndGlobalSection
EndGlobal
