
Microsoft Visual Studio Solution File, Format Version 12.00
# Visual Studio Version 17
VisualStudioVersion = 17.2.32616.157
MinimumVisualStudioVersion = 10.0.40219.1
Project("{9A19103F-16F7-4668-BE54-9A1E7A4F7556}") = "LaikableDogsAPI", "LaikalableDogsAPI\LaikableDogsAPI.csproj", "{9857A854-5A17-4D22-8E2B-40F3AADEC775}"
EndProject
Project("{9A19103F-16F7-4668-BE54-9A1E7A4F7556}") = "ClientAPI", "ClientAPI\ClientAPI.csproj", "{B031644E-B1AF-466D-9F4C-ED00532D8C12}"
EndProject
Project("{9A19103F-16F7-4668-BE54-9A1E7A4F7556}") = "RazorMessageTemplating", "RazorMessageTemplating\RazorMessageTemplating.csproj", "{857D807C-A711-468A-B0B7-B55C2C5F740C}"
EndProject
Project("{9A19103F-16F7-4668-BE54-9A1E7A4F7556}") = "RabbitMQProducer", "RabbitMQProducer\RabbitMQProducer.csproj", "{140385C4-9483-48ED-BE73-79214840EBEB}"
EndProject
Project("{9A19103F-16F7-4668-BE54-9A1E7A4F7556}") = "RabbitMQConsumer", "RabbitMQConsumer\RabbitMQConsumer.csproj", "{F6877BEE-12C3-4921-B2DD-46460B41EDEF}"
EndProject
Project("{9A19103F-16F7-4668-BE54-9A1E7A4F7556}") = "TestConsoleApp", "TestConsoleApp\TestConsoleApp.csproj", "{35C61815-1786-4D79-916F-339CF419FE1F}"
EndProject
Project("{9A19103F-16F7-4668-BE54-9A1E7A4F7556}") = "BlazorServerTest", "BlazorServerTest\BlazorServerTest.csproj", "{2D9AF06B-29C7-4853-8277-94E5F1CE9619}"
EndProject
Global
	GlobalSection(SolutionConfigurationPlatforms) = preSolution
		Debug|Any CPU = Debug|Any CPU
		Release|Any CPU = Release|Any CPU
	EndGlobalSection
	GlobalSection(ProjectConfigurationPlatforms) = postSolution
		{9857A854-5A17-4D22-8E2B-40F3AADEC775}.Debug|Any CPU.ActiveCfg = Debug|Any CPU
		{9857A854-5A17-4D22-8E2B-40F3AADEC775}.Debug|Any CPU.Build.0 = Debug|Any CPU
		{9857A854-5A17-4D22-8E2B-40F3AADEC775}.Release|Any CPU.ActiveCfg = Release|Any CPU
		{9857A854-5A17-4D22-8E2B-40F3AADEC775}.Release|Any CPU.Build.0 = Release|Any CPU
		{B031644E-B1AF-466D-9F4C-ED00532D8C12}.Debug|Any CPU.ActiveCfg = Debug|Any CPU
		{B031644E-B1AF-466D-9F4C-ED00532D8C12}.Debug|Any CPU.Build.0 = Debug|Any CPU
		{B031644E-B1AF-466D-9F4C-ED00532D8C12}.Release|Any CPU.ActiveCfg = Release|Any CPU
		{B031644E-B1AF-466D-9F4C-ED00532D8C12}.Release|Any CPU.Build.0 = Release|Any CPU
		{857D807C-A711-468A-B0B7-B55C2C5F740C}.Debug|Any CPU.ActiveCfg = Debug|Any CPU
		{857D807C-A711-468A-B0B7-B55C2C5F740C}.Debug|Any CPU.Build.0 = Debug|Any CPU
		{857D807C-A711-468A-B0B7-B55C2C5F740C}.Release|Any CPU.ActiveCfg = Release|Any CPU
		{857D807C-A711-468A-B0B7-B55C2C5F740C}.Release|Any CPU.Build.0 = Release|Any CPU
		{140385C4-9483-48ED-BE73-79214840EBEB}.Debug|Any CPU.ActiveCfg = Debug|Any CPU
		{140385C4-9483-48ED-BE73-79214840EBEB}.Debug|Any CPU.Build.0 = Debug|Any CPU
		{140385C4-9483-48ED-BE73-79214840EBEB}.Release|Any CPU.ActiveCfg = Release|Any CPU
		{140385C4-9483-48ED-BE73-79214840EBEB}.Release|Any CPU.Build.0 = Release|Any CPU
		{F6877BEE-12C3-4921-B2DD-46460B41EDEF}.Debug|Any CPU.ActiveCfg = Debug|Any CPU
		{F6877BEE-12C3-4921-B2DD-46460B41EDEF}.Debug|Any CPU.Build.0 = Debug|Any CPU
		{F6877BEE-12C3-4921-B2DD-46460B41EDEF}.Release|Any CPU.ActiveCfg = Release|Any CPU
		{F6877BEE-12C3-4921-B2DD-46460B41EDEF}.Release|Any CPU.Build.0 = Release|Any CPU
		{35C61815-1786-4D79-916F-339CF419FE1F}.Debug|Any CPU.ActiveCfg = Debug|Any CPU
		{35C61815-1786-4D79-916F-339CF419FE1F}.Debug|Any CPU.Build.0 = Debug|Any CPU
		{35C61815-1786-4D79-916F-339CF419FE1F}.Release|Any CPU.ActiveCfg = Release|Any CPU
		{35C61815-1786-4D79-916F-339CF419FE1F}.Release|Any CPU.Build.0 = Release|Any CPU
		{2D9AF06B-29C7-4853-8277-94E5F1CE9619}.Debug|Any CPU.ActiveCfg = Debug|Any CPU
		{2D9AF06B-29C7-4853-8277-94E5F1CE9619}.Debug|Any CPU.Build.0 = Debug|Any CPU
		{2D9AF06B-29C7-4853-8277-94E5F1CE9619}.Release|Any CPU.ActiveCfg = Release|Any CPU
		{2D9AF06B-29C7-4853-8277-94E5F1CE9619}.Release|Any CPU.Build.0 = Release|Any CPU
	EndGlobalSection
	GlobalSection(SolutionProperties) = preSolution
		HideSolutionNode = FALSE
	EndGlobalSection
	GlobalSection(ExtensibilityGlobals) = postSolution
		SolutionGuid = {3A923F7E-8E29-46FB-848B-B88C196B6BD5}
	EndGlobalSection
EndGlobal
